
Microsoft Visual Studio Solution File, Format Version 12.00
# Visual Studio Version 16
VisualStudioVersion = 16.0.31402.337
MinimumVisualStudioVersion = 10.0.40219.1
Project("{9A19103F-16F7-4668-BE54-9A1E7A4F7556}") = "Anye.Soft.Common", "Anye.Soft.Common\Anye.Soft.Common.csproj", "{057C9A83-01B8-452E-92A1-C6153893EB93}"
EndProject
Project("{9A19103F-16F7-4668-BE54-9A1E7A4F7556}") = "Anye.Soft.AutoUpdate.Server", "Anye.Soft.AutoUpdate.Server\Anye.Soft.AutoUpdate.Server.csproj", "{7E6C6AB7-8BCB-4EAC-8452-58BBDBEAD70F}"
EndProject
Project("{9A19103F-16F7-4668-BE54-9A1E7A4F7556}") = "Anye.Soft.AutoUpdate.Manage", "Anye.Soft.AutoUpdate.Manage\Anye.Soft.AutoUpdate.Manage.csproj", "{90A4F4BF-AA31-42E6-8AC0-932C9D8FDA96}"
EndProject
Project("{9A19103F-16F7-4668-BE54-9A1E7A4F7556}") = "Anye.Soft.AutoUpdate.Exec", "Anye.Soft.AutoUpdate.Exec\Anye.Soft.AutoUpdate.Exec.csproj", "{AFB18531-AE09-4DCA-B645-60CFCDAFAEBE}"
EndProject
Global
	GlobalSection(SolutionConfigurationPlatforms) = preSolution
		Debug|Any CPU = Debug|Any CPU
		Release|Any CPU = Release|Any CPU
	EndGlobalSection
	GlobalSection(ProjectConfigurationPlatforms) = postSolution
		{057C9A83-01B8-452E-92A1-C6153893EB93}.Debug|Any CPU.ActiveCfg = Debug|Any CPU
		{057C9A83-01B8-452E-92A1-C6153893EB93}.Debug|Any CPU.Build.0 = Debug|Any CPU
		{057C9A83-01B8-452E-92A1-C6153893EB93}.Release|Any CPU.ActiveCfg = Release|Any CPU
		{057C9A83-01B8-452E-92A1-C6153893EB93}.Release|Any CPU.Build.0 = Release|Any CPU
		{7E6C6AB7-8BCB-4EAC-8452-58BBDBEAD70F}.Debug|Any CPU.ActiveCfg = Debug|Any CPU
		{7E6C6AB7-8BCB-4EAC-8452-58BBDBEAD70F}.Debug|Any CPU.Build.0 = Debug|Any CPU
		{7E6C6AB7-8BCB-4EAC-8452-58BBDBEAD70F}.Release|Any CPU.ActiveCfg = Release|Any CPU
		{7E6C6AB7-8BCB-4EAC-8452-58BBDBEAD70F}.Release|Any CPU.Build.0 = Release|Any CPU
		{90A4F4BF-AA31-42E6-8AC0-932C9D8FDA96}.Debug|Any CPU.ActiveCfg = Debug|Any CPU
		{90A4F4BF-AA31-42E6-8AC0-932C9D8FDA96}.Debug|Any CPU.Build.0 = Debug|Any CPU
		{90A4F4BF-AA31-42E6-8AC0-932C9D8FDA96}.Release|Any CPU.ActiveCfg = Release|Any CPU
		{90A4F4BF-AA31-42E6-8AC0-932C9D8FDA96}.Release|Any CPU.Build.0 = Release|Any CPU
		{AFB18531-AE09-4DCA-B645-60CFCDAFAEBE}.Debug|Any CPU.ActiveCfg = Debug|Any CPU
		{AFB18531-AE09-4DCA-B645-60CFCDAFAEBE}.Debug|Any CPU.Build.0 = Debug|Any CPU
		{AFB18531-AE09-4DCA-B645-60CFCDAFAEBE}.Release|Any CPU.ActiveCfg = Release|Any CPU
		{AFB18531-AE09-4DCA-B645-60CFCDAFAEBE}.Release|Any CPU.Build.0 = Release|Any CPU
	EndGlobalSection
	GlobalSection(SolutionProperties) = preSolution
		HideSolutionNode = FALSE
	EndGlobalSection
	GlobalSection(ExtensibilityGlobals) = postSolution
		SolutionGuid = {2AE2F608-6D66-4EA0-883C-B1A41A20CC69}
	EndGlobalSection
EndGlobal
